
Microsoft Visual Studio Solution File, Format Version 12.00
# Visual Studio Version 16
VisualStudioVersion = 16.0.30011.22
MinimumVisualStudioVersion = 10.0.40219.1
Project("{FAE04EC0-301F-11D3-BF4B-00C04F79EFBC}") = "schema_app", "schema_app\schema_app.csproj", "{5030B6AC-D953-4D7A-B3A8-2666531FE0E1}"
EndProject
Global
	GlobalSection(SolutionConfigurationPlatforms) = preSolution
		Debug|Any CPU = Debug|Any CPU
		Release|Any CPU = Release|Any CPU
	EndGlobalSection
	GlobalSection(ProjectConfigurationPlatforms) = postSolution
		{5030B6AC-D953-4D7A-B3A8-2666531FE0E1}.Debug|Any CPU.ActiveCfg = Debug|Any CPU
		{5030B6AC-D953-4D7A-B3A8-2666531FE0E1}.Debug|Any CPU.Build.0 = Debug|Any CPU
		{5030B6AC-D953-4D7A-B3A8-2666531FE0E1}.Release|Any CPU.ActiveCfg = Release|Any CPU
		{5030B6AC-D953-4D7A-B3A8-2666531FE0E1}.Release|Any CPU.Build.0 = Release|Any CPU
	EndGlobalSection
	GlobalSection(SolutionProperties) = preSolution
		HideSolutionNode = FALSE
	EndGlobalSection
	GlobalSection(ExtensibilityGlobals) = postSolution
		SolutionGuid = {C5436DC9-2F5A-46B0-BF7D-1DF1F4D69D6D}
	EndGlobalSection
EndGlobal
